{
  "name": "1415fee72ff6294b",
  "lockfileVersion": 3,
  "requires": true,
  "packages": {
    "": {
      "dependencies": {
        "create-vite": "^9.2.1"
      }
    },
    "node_modules/create-vite": {
      "version": "9.2.1",
      "resolved": "https://registry.npmjs.org/create-vite/-/create-vite-9.2.1.tgz",
      "integrity": "sha512-nE710dPFzm9CavJw4PtpOLQpNBiOzFV+tGbwcmBdg1A3TWgFkqypDmjt44oV0jvvQEdGsvFAvQ5pUnKrdcwciw==",
      "license": "MIT",
      "bin": {
        "create-vite": "index.js",
        "cva": "index.js"
      },
      "engines": {
        "node": "^20.19.0 || >=22.12.0"
      },
      "funding": {
        "url": "https://github.com/vitejs/vite?sponsor=1"
      }
    }
  }
}
